
Microsoft Visual Studio Solution File, Format Version 12.00
# Visual Studio 15
VisualStudioVersion = 15.0.28307.329
MinimumVisualStudioVersion = 10.0.40219.1
Project("{FAE04EC0-301F-11D3-BF4B-00C04F79EFBC}") = "SharpDataClass", "SharpDataClass\SharpDataClass.csproj", "{7232B47B-7F12-43CD-94DB-0CDAFFD8E73A}"
EndProject
Global
	GlobalSection(SolutionConfigurationPlatforms) = preSolution
		Debug|Any CPU = Debug|Any CPU
		Release|Any CPU = Release|Any CPU
	EndGlobalSection
	GlobalSection(ProjectConfigurationPlatforms) = postSolution
		{7232B47B-7F12-43CD-94DB-0CDAFFD8E73A}.Debug|Any CPU.ActiveCfg = Debug|Any CPU
		{7232B47B-7F12-43CD-94DB-0CDAFFD8E73A}.Debug|Any CPU.Build.0 = Debug|Any CPU
		{7232B47B-7F12-43CD-94DB-0CDAFFD8E73A}.Release|Any CPU.ActiveCfg = Release|Any CPU
		{7232B47B-7F12-43CD-94DB-0CDAFFD8E73A}.Release|Any CPU.Build.0 = Release|Any CPU
	EndGlobalSection
	GlobalSection(SolutionProperties) = preSolution
		HideSolutionNode = FALSE
	EndGlobalSection
	GlobalSection(ExtensibilityGlobals) = postSolution
		SolutionGuid = {1FE6A068-C772-41E9-A05A-B83C995E1AD7}
	EndGlobalSection
EndGlobal
