
Microsoft Visual Studio Solution File, Format Version 12.00
# Visual Studio 15
VisualStudioVersion = 15.0.28307.329
MinimumVisualStudioVersion = 10.0.40219.1
Project("{FAE04EC0-301F-11D3-BF4B-00C04F79EFBC}") = "SchoolTest", "SchoolTest\SchoolTest.csproj", "{698C06F8-8A90-4235-B2EC-5C9501C0319E}"
EndProject
Global
	GlobalSection(SolutionConfigurationPlatforms) = preSolution
		Debug|Any CPU = Debug|Any CPU
		Release|Any CPU = Release|Any CPU
	EndGlobalSection
	GlobalSection(ProjectConfigurationPlatforms) = postSolution
		{698C06F8-8A90-4235-B2EC-5C9501C0319E}.Debug|Any CPU.ActiveCfg = Debug|Any CPU
		{698C06F8-8A90-4235-B2EC-5C9501C0319E}.Debug|Any CPU.Build.0 = Debug|Any CPU
		{698C06F8-8A90-4235-B2EC-5C9501C0319E}.Release|Any CPU.ActiveCfg = Release|Any CPU
		{698C06F8-8A90-4235-B2EC-5C9501C0319E}.Release|Any CPU.Build.0 = Release|Any CPU
	EndGlobalSection
	GlobalSection(SolutionProperties) = preSolution
		HideSolutionNode = FALSE
	EndGlobalSection
	GlobalSection(ExtensibilityGlobals) = postSolution
		SolutionGuid = {5A545A35-4B6D-4B7A-B77A-3A9093C12997}
	EndGlobalSection
EndGlobal
