
Microsoft Visual Studio Solution File, Format Version 12.00
# Visual Studio 15
VisualStudioVersion = 15.0.28307.329
MinimumVisualStudioVersion = 10.0.40219.1
Project("{FAE04EC0-301F-11D3-BF4B-00C04F79EFBC}") = "MyTimeClass", "MyTimeClass\MyTimeClass.csproj", "{F1361411-0EB6-4C49-A3EA-2940AA04EC2C}"
EndProject
Global
	GlobalSection(SolutionConfigurationPlatforms) = preSolution
		Debug|Any CPU = Debug|Any CPU
		Release|Any CPU = Release|Any CPU
	EndGlobalSection
	GlobalSection(ProjectConfigurationPlatforms) = postSolution
		{F1361411-0EB6-4C49-A3EA-2940AA04EC2C}.Debug|Any CPU.ActiveCfg = Debug|Any CPU
		{F1361411-0EB6-4C49-A3EA-2940AA04EC2C}.Debug|Any CPU.Build.0 = Debug|Any CPU
		{F1361411-0EB6-4C49-A3EA-2940AA04EC2C}.Release|Any CPU.ActiveCfg = Release|Any CPU
		{F1361411-0EB6-4C49-A3EA-2940AA04EC2C}.Release|Any CPU.Build.0 = Release|Any CPU
	EndGlobalSection
	GlobalSection(SolutionProperties) = preSolution
		HideSolutionNode = FALSE
	EndGlobalSection
	GlobalSection(ExtensibilityGlobals) = postSolution
		SolutionGuid = {56F6A8D3-A81A-45F5-A9B6-60FE4FBAC69E}
	EndGlobalSection
EndGlobal
